// !$*UTF8*$!
{
	archiveVersion = 1;
	classes = {
	};
	objectVersion = 55;
	objects = {

/* Begin PBXBuildFile section */
		13E8BA0D2A2EC4B3006822BE /* AppDelegate.swift in Sources */ = {isa = PBXBuildFile; fileRef = 13E8BA0C2A2EC4B3006822BE /* AppDelegate.swift */; };
		13E8BA0F2A2EC4B3006822BE /* SceneDelegate.swift in Sources */ = {isa = PBXBuildFile; fileRef = 13E8BA0E2A2EC4B3006822BE /* SceneDelegate.swift */; };
		13E8BA112A2EC4B3006822BE /* ViewController.swift in Sources */ = {isa = PBXBuildFile; fileRef = 13E8BA102A2EC4B3006822BE /* ViewController.swift */; };
		13E8BA142A2EC4B3006822BE /* Main.storyboard in Resources */ = {isa = PBXBuildFile; fileRef = 13E8BA122A2EC4B3006822BE /* Main.storyboard */; };
		13E8BA162A2EC4B6006822BE /* Assets.xcassets in Resources */ = {isa = PBXBuildFile; fileRef = 13E8BA152A2EC4B6006822BE /* Assets.xcassets */; };
		13E8BA192A2EC4B6006822BE /* LaunchScreen.storyboard in Resources */ = {isa = PBXBuildFile; fileRef = 13E8BA172A2EC4B6006822BE /* LaunchScreen.storyboard */; };
		13E8BA2E2A2EC4B6006822BE /* SquareTestUITests.swift in Sources */ = {isa = PBXBuildFile; fileRef = 13E8BA2D2A2EC4B6006822BE /* SquareTestUITests.swift */; };
		13E8BA302A2EC4B6006822BE /* SquareTestUITestsLaunchTests.swift in Sources */ = {isa = PBXBuildFile; fileRef = 13E8BA2F2A2EC4B6006822BE /* SquareTestUITestsLaunchTests.swift */; };
		13E8BA402A2EC50D006822BE /* Employees.swift in Sources */ = {isa = PBXBuildFile; fileRef = 13E8BA3F2A2EC50D006822BE /* Employees.swift */; };
		13E8BA422A2EC7FC006822BE /* InputService.swift in Sources */ = {isa = PBXBuildFile; fileRef = 13E8BA412A2EC7FC006822BE /* InputService.swift */; };
		13E8BA442A2ED440006822BE /* EmployeeCellTableViewCell.swift in Sources */ = {isa = PBXBuildFile; fileRef = 13E8BA432A2ED440006822BE /* EmployeeCellTableViewCell.swift */; };
		13E8BA492A364424006822BE /* EmployeesTest.swift in Sources */ = {isa = PBXBuildFile; fileRef = 13E8BA482A364423006822BE /* EmployeesTest.swift */; };
		13E8BA4B2A364866006822BE /* ViewControllerTests.swift in Sources */ = {isa = PBXBuildFile; fileRef = 13E8BA4A2A364866006822BE /* ViewControllerTests.swift */; };
		13E8BA4D2A36506E006822BE /* InputServiceTests.swift in Sources */ = {isa = PBXBuildFile; fileRef = 13E8BA4C2A36506E006822BE /* InputServiceTests.swift */; };
		42911C93E2762295743F8466 /* Pods_SquareTestTests.framework in Frameworks */ = {isa = PBXBuildFile; fileRef = 419B38F1E7439179FA1E48BD /* Pods_SquareTestTests.framework */; };
		43F2540C15303AB95044CEB1 /* Pods_SquareTest.framework in Frameworks */ = {isa = PBXBuildFile; fileRef = 4697C64B665CAAECB8BF65AE /* Pods_SquareTest.framework */; };
		A04DFB08B5E5652F25571892 /* Pods_SquareTest_SquareTestUITests.framework in Frameworks */ = {isa = PBXBuildFile; fileRef = C0287A658CC562C748F6368A /* Pods_SquareTest_SquareTestUITests.framework */; };
/* End PBXBuildFile section */

/* Begin PBXContainerItemProxy section */
		13E8BA202A2EC4B6006822BE /* PBXContainerItemProxy */ = {
			isa = PBXContainerItemProxy;
			containerPortal = 13E8BA012A2EC4B3006822BE /* Project object */;
			proxyType = 1;
			remoteGlobalIDString = 13E8BA082A2EC4B3006822BE;
			remoteInfo = SquareTest;
		};
		13E8BA2A2A2EC4B6006822BE /* PBXContainerItemProxy */ = {
			isa = PBXContainerItemProxy;
			containerPortal = 13E8BA012A2EC4B3006822BE /* Project object */;
			proxyType = 1;
			remoteGlobalIDString = 13E8BA082A2EC4B3006822BE;
			remoteInfo = SquareTest;
		};
/* End PBXContainerItemProxy section */

/* Begin PBXFileReference section */
		13E8BA092A2EC4B3006822BE /* SquareTest.app */ = {isa = PBXFileReference; explicitFileType = wrapper.application; includeInIndex = 0; path = SquareTest.app; sourceTree = BUILT_PRODUCTS_DIR; };
		13E8BA0C2A2EC4B3006822BE /* AppDelegate.swift */ = {isa = PBXFileReference; lastKnownFileType = sourcecode.swift; path = AppDelegate.swift; sourceTree = "<group>"; };
		13E8BA0E2A2EC4B3006822BE /* SceneDelegate.swift */ = {isa = PBXFileReference; lastKnownFileType = sourcecode.swift; path = SceneDelegate.swift; sourceTree = "<group>"; };
		13E8BA102A2EC4B3006822BE /* ViewController.swift */ = {isa = PBXFileReference; lastKnownFileType = sourcecode.swift; path = ViewController.swift; sourceTree = "<group>"; };
		13E8BA132A2EC4B3006822BE /* Base */ = {isa = PBXFileReference; lastKnownFileType = file.storyboard; name = Base; path = Base.lproj/Main.storyboard; sourceTree = "<group>"; };
		13E8BA152A2EC4B6006822BE /* Assets.xcassets */ = {isa = PBXFileReference; lastKnownFileType = folder.assetcatalog; path = Assets.xcassets; sourceTree = "<group>"; };
		13E8BA182A2EC4B6006822BE /* Base */ = {isa = PBXFileReference; lastKnownFileType = file.storyboard; name = Base; path = Base.lproj/LaunchScreen.storyboard; sourceTree = "<group>"; };
		13E8BA1A2A2EC4B6006822BE /* Info.plist */ = {isa = PBXFileReference; lastKnownFileType = text.plist.xml; path = Info.plist; sourceTree = "<group>"; };
		13E8BA1F2A2EC4B6006822BE /* SquareTestTests.xctest */ = {isa = PBXFileReference; explicitFileType = wrapper.cfbundle; includeInIndex = 0; path = SquareTestTests.xctest; sourceTree = BUILT_PRODUCTS_DIR; };
		13E8BA292A2EC4B6006822BE /* SquareTestUITests.xctest */ = {isa = PBXFileReference; explicitFileType = wrapper.cfbundle; includeInIndex = 0; path = SquareTestUITests.xctest; sourceTree = BUILT_PRODUCTS_DIR; };
		13E8BA2D2A2EC4B6006822BE /* SquareTestUITests.swift */ = {isa = PBXFileReference; lastKnownFileType = sourcecode.swift; path = SquareTestUITests.swift; sourceTree = "<group>"; };
		13E8BA2F2A2EC4B6006822BE /* SquareTestUITestsLaunchTests.swift */ = {isa = PBXFileReference; lastKnownFileType = sourcecode.swift; path = SquareTestUITestsLaunchTests.swift; sourceTree = "<group>"; };
		13E8BA3F2A2EC50D006822BE /* Employees.swift */ = {isa = PBXFileReference; lastKnownFileType = sourcecode.swift; path = Employees.swift; sourceTree = "<group>"; };
		13E8BA412A2EC7FC006822BE /* InputService.swift */ = {isa = PBXFileReference; lastKnownFileType = sourcecode.swift; path = InputService.swift; sourceTree = "<group>"; };
		13E8BA432A2ED440006822BE /* EmployeeCellTableViewCell.swift */ = {isa = PBXFileReference; lastKnownFileType = sourcecode.swift; path = EmployeeCellTableViewCell.swift; sourceTree = "<group>"; };
		13E8BA482A364423006822BE /* EmployeesTest.swift */ = {isa = PBXFileReference; lastKnownFileType = sourcecode.swift; path = EmployeesTest.swift; sourceTree = "<group>"; };
		13E8BA4A2A364866006822BE /* ViewControllerTests.swift */ = {isa = PBXFileReference; lastKnownFileType = sourcecode.swift; path = ViewControllerTests.swift; sourceTree = "<group>"; };
		13E8BA4C2A36506E006822BE /* InputServiceTests.swift */ = {isa = PBXFileReference; lastKnownFileType = sourcecode.swift; path = InputServiceTests.swift; sourceTree = "<group>"; };
		1E75E4230B398520FDF5E620 /* Pods-SquareTest-SquareTestUITests.debug.xcconfig */ = {isa = PBXFileReference; includeInIndex = 1; lastKnownFileType = text.xcconfig; name = "Pods-SquareTest-SquareTestUITests.debug.xcconfig"; path = "Target Support Files/Pods-SquareTest-SquareTestUITests/Pods-SquareTest-SquareTestUITests.debug.xcconfig"; sourceTree = "<group>"; };
		419B38F1E7439179FA1E48BD /* Pods_SquareTestTests.framework */ = {isa = PBXFileReference; explicitFileType = wrapper.framework; includeInIndex = 0; path = Pods_SquareTestTests.framework; sourceTree = BUILT_PRODUCTS_DIR; };
		4697C64B665CAAECB8BF65AE /* Pods_SquareTest.framework */ = {isa = PBXFileReference; explicitFileType = wrapper.framework; includeInIndex = 0; path = Pods_SquareTest.framework; sourceTree = BUILT_PRODUCTS_DIR; };
		556236BA10905461E8EE3286 /* Pods-SquareTestTests.debug.xcconfig */ = {isa = PBXFileReference; includeInIndex = 1; lastKnownFileType = text.xcconfig; name = "Pods-SquareTestTests.debug.xcconfig"; path = "Target Support Files/Pods-SquareTestTests/Pods-SquareTestTests.debug.xcconfig"; sourceTree = "<group>"; };
		5D81CFB246B9536410E0A0B4 /* Pods-SquareTest-SquareTestUITests.release.xcconfig */ = {isa = PBXFileReference; includeInIndex = 1; lastKnownFileType = text.xcconfig; name = "Pods-SquareTest-SquareTestUITests.release.xcconfig"; path = "Target Support Files/Pods-SquareTest-SquareTestUITests/Pods-SquareTest-SquareTestUITests.release.xcconfig"; sourceTree = "<group>"; };
		6078CD566BD5E812B78AE476 /* Pods-SquareTestTests.release.xcconfig */ = {isa = PBXFileReference; includeInIndex = 1; lastKnownFileType = text.xcconfig; name = "Pods-SquareTestTests.release.xcconfig"; path = "Target Support Files/Pods-SquareTestTests/Pods-SquareTestTests.release.xcconfig"; sourceTree = "<group>"; };
		7F35875400E5B762B6756412 /* Pods-SquareTest.release.xcconfig */ = {isa = PBXFileReference; includeInIndex = 1; lastKnownFileType = text.xcconfig; name = "Pods-SquareTest.release.xcconfig"; path = "Target Support Files/Pods-SquareTest/Pods-SquareTest.release.xcconfig"; sourceTree = "<group>"; };
		B850D7DB126126F7F803BD47 /* Pods-SquareTest.debug.xcconfig */ = {isa = PBXFileReference; includeInIndex = 1; lastKnownFileType = text.xcconfig; name = "Pods-SquareTest.debug.xcconfig"; path = "Target Support Files/Pods-SquareTest/Pods-SquareTest.debug.xcconfig"; sourceTree = "<group>"; };
		C0287A658CC562C748F6368A /* Pods_SquareTest_SquareTestUITests.framework */ = {isa = PBXFileReference; explicitFileType = wrapper.framework; includeInIndex = 0; path = Pods_SquareTest_SquareTestUITests.framework; sourceTree = BUILT_PRODUCTS_DIR; };
/* End PBXFileReference section */

/* Begin PBXFrameworksBuildPhase section */
		13E8BA062A2EC4B3006822BE /* Frameworks */ = {
			isa = PBXFrameworksBuildPhase;
			buildActionMask = 2147483647;
			files = (
				43F2540C15303AB95044CEB1 /* Pods_SquareTest.framework in Frameworks */,
			);
			runOnlyForDeploymentPostprocessing = 0;
		};
		13E8BA1C2A2EC4B6006822BE /* Frameworks */ = {
			isa = PBXFrameworksBuildPhase;
			buildActionMask = 2147483647;
			files = (
				42911C93E2762295743F8466 /* Pods_SquareTestTests.framework in Frameworks */,
			);
			runOnlyForDeploymentPostprocessing = 0;
		};
		13E8BA262A2EC4B6006822BE /* Frameworks */ = {
			isa = PBXFrameworksBuildPhase;
			buildActionMask = 2147483647;
			files = (
				A04DFB08B5E5652F25571892 /* Pods_SquareTest_SquareTestUITests.framework in Frameworks */,
			);
			runOnlyForDeploymentPostprocessing = 0;
		};
/* End PBXFrameworksBuildPhase section */

/* Begin PBXGroup section */
		13E8BA002A2EC4B3006822BE = {
			isa = PBXGroup;
			children = (
				13E8BA0B2A2EC4B3006822BE /* SquareTest */,
				13E8BA222A2EC4B6006822BE /* SquareTestTests */,
				13E8BA2C2A2EC4B6006822BE /* SquareTestUITests */,
				13E8BA0A2A2EC4B3006822BE /* Products */,
				41ED96AA5ADC9C565D58E0B4 /* Pods */,
				2D8E40C691CCB34EDCEA5CE4 /* Frameworks */,
			);
			sourceTree = "<group>";
		};
		13E8BA0A2A2EC4B3006822BE /* Products */ = {
			isa = PBXGroup;
			children = (
				13E8BA092A2EC4B3006822BE /* SquareTest.app */,
				13E8BA1F2A2EC4B6006822BE /* SquareTestTests.xctest */,
				13E8BA292A2EC4B6006822BE /* SquareTestUITests.xctest */,
			);
			name = Products;
			sourceTree = "<group>";
		};
		13E8BA0B2A2EC4B3006822BE /* SquareTest */ = {
			isa = PBXGroup;
			children = (
				13E8BA3E2A2EC4F6006822BE /* Services */,
				13E8BA0C2A2EC4B3006822BE /* AppDelegate.swift */,
				13E8BA0E2A2EC4B3006822BE /* SceneDelegate.swift */,
				13E8BA102A2EC4B3006822BE /* ViewController.swift */,
				13E8BA122A2EC4B3006822BE /* Main.storyboard */,
				13E8BA152A2EC4B6006822BE /* Assets.xcassets */,
				13E8BA172A2EC4B6006822BE /* LaunchScreen.storyboard */,
				13E8BA1A2A2EC4B6006822BE /* Info.plist */,
				13E8BA432A2ED440006822BE /* EmployeeCellTableViewCell.swift */,
			);
			path = SquareTest;
			sourceTree = "<group>";
		};
		13E8BA222A2EC4B6006822BE /* SquareTestTests */ = {
			isa = PBXGroup;
			children = (
				13E8BA482A364423006822BE /* EmployeesTest.swift */,
				13E8BA4A2A364866006822BE /* ViewControllerTests.swift */,
				13E8BA4C2A36506E006822BE /* InputServiceTests.swift */,
			);
			path = SquareTestTests;
			sourceTree = "<group>";
		};
		13E8BA2C2A2EC4B6006822BE /* SquareTestUITests */ = {
			isa = PBXGroup;
			children = (
				13E8BA2D2A2EC4B6006822BE /* SquareTestUITests.swift */,
				13E8BA2F2A2EC4B6006822BE /* SquareTestUITestsLaunchTests.swift */,
			);
			path = SquareTestUITests;
			sourceTree = "<group>";
		};
		13E8BA3E2A2EC4F6006822BE /* Services */ = {
			isa = PBXGroup;
			children = (
				13E8BA3F2A2EC50D006822BE /* Employees.swift */,
				13E8BA412A2EC7FC006822BE /* InputService.swift */,
			);
			path = Services;
			sourceTree = "<group>";
		};
		2D8E40C691CCB34EDCEA5CE4 /* Frameworks */ = {
			isa = PBXGroup;
			children = (
				4697C64B665CAAECB8BF65AE /* Pods_SquareTest.framework */,
				C0287A658CC562C748F6368A /* Pods_SquareTest_SquareTestUITests.framework */,
				419B38F1E7439179FA1E48BD /* Pods_SquareTestTests.framework */,
			);
			name = Frameworks;
			sourceTree = "<group>";
		};
		41ED96AA5ADC9C565D58E0B4 /* Pods */ = {
			isa = PBXGroup;
			children = (
				B850D7DB126126F7F803BD47 /* Pods-SquareTest.debug.xcconfig */,
				7F35875400E5B762B6756412 /* Pods-SquareTest.release.xcconfig */,
				1E75E4230B398520FDF5E620 /* Pods-SquareTest-SquareTestUITests.debug.xcconfig */,
				5D81CFB246B9536410E0A0B4 /* Pods-SquareTest-SquareTestUITests.release.xcconfig */,
				556236BA10905461E8EE3286 /* Pods-SquareTestTests.debug.xcconfig */,
				6078CD566BD5E812B78AE476 /* Pods-SquareTestTests.release.xcconfig */,
			);
			path = Pods;
			sourceTree = "<group>";
		};
/* End PBXGroup section */

/* Begin PBXNativeTarget section */
		13E8BA082A2EC4B3006822BE /* SquareTest */ = {
			isa = PBXNativeTarget;
			buildConfigurationList = 13E8BA332A2EC4B6006822BE /* Build configuration list for PBXNativeTarget "SquareTest" */;
			buildPhases = (
				8B192DAE43DD641484FDC22B /* [CP] Check Pods Manifest.lock */,
				13E8BA052A2EC4B3006822BE /* Sources */,
				13E8BA062A2EC4B3006822BE /* Frameworks */,
				13E8BA072A2EC4B3006822BE /* Resources */,
				332149D27899336E8EA59D4D /* [CP] Embed Pods Frameworks */,
			);
			buildRules = (
			);
			dependencies = (
			);
			name = SquareTest;
			productName = SquareTest;
			productReference = 13E8BA092A2EC4B3006822BE /* SquareTest.app */;
			productType = "com.apple.product-type.application";
		};
		13E8BA1E2A2EC4B6006822BE /* SquareTestTests */ = {
			isa = PBXNativeTarget;
			buildConfigurationList = 13E8BA362A2EC4B6006822BE /* Build configuration list for PBXNativeTarget "SquareTestTests" */;
			buildPhases = (
				8E41275E04F417548D941D0B /* [CP] Check Pods Manifest.lock */,
				13E8BA1B2A2EC4B6006822BE /* Sources */,
				13E8BA1C2A2EC4B6006822BE /* Frameworks */,
				13E8BA1D2A2EC4B6006822BE /* Resources */,
			);
			buildRules = (
			);
			dependencies = (
				13E8BA212A2EC4B6006822BE /* PBXTargetDependency */,
			);
			name = SquareTestTests;
			productName = SquareTestTests;
			productReference = 13E8BA1F2A2EC4B6006822BE /* SquareTestTests.xctest */;
			productType = "com.apple.product-type.bundle.unit-test";
		};
		13E8BA282A2EC4B6006822BE /* SquareTestUITests */ = {
			isa = PBXNativeTarget;
			buildConfigurationList = 13E8BA392A2EC4B6006822BE /* Build configuration list for PBXNativeTarget "SquareTestUITests" */;
			buildPhases = (
				D59BAAA76025F29D736D6F20 /* [CP] Check Pods Manifest.lock */,
				13E8BA252A2EC4B6006822BE /* Sources */,
				13E8BA262A2EC4B6006822BE /* Frameworks */,
				13E8BA272A2EC4B6006822BE /* Resources */,
				CC814D0AE956BBF6C3153856 /* [CP] Embed Pods Frameworks */,
			);
			buildRules = (
			);
			dependencies = (
				13E8BA2B2A2EC4B6006822BE /* PBXTargetDependency */,
			);
			name = SquareTestUITests;
			productName = SquareTestUITests;
			productReference = 13E8BA292A2EC4B6006822BE /* SquareTestUITests.xctest */;
			productType = "com.apple.product-type.bundle.ui-testing";
		};
/* End PBXNativeTarget section */

/* Begin PBXProject section */
		13E8BA012A2EC4B3006822BE /* Project object */ = {
			isa = PBXProject;
			attributes = {
				BuildIndependentTargetsInParallel = 1;
				LastSwiftUpdateCheck = 1320;
				LastUpgradeCheck = 1320;
				TargetAttributes = {
					13E8BA082A2EC4B3006822BE = {
						CreatedOnToolsVersion = 13.2.1;
					};
					13E8BA1E2A2EC4B6006822BE = {
						CreatedOnToolsVersion = 13.2.1;
						TestTargetID = 13E8BA082A2EC4B3006822BE;
					};
					13E8BA282A2EC4B6006822BE = {
						CreatedOnToolsVersion = 13.2.1;
						TestTargetID = 13E8BA082A2EC4B3006822BE;
					};
				};
			};
			buildConfigurationList = 13E8BA042A2EC4B3006822BE /* Build configuration list for PBXProject "SquareTest" */;
			compatibilityVersion = "Xcode 13.0";
			developmentRegion = en;
			hasScannedForEncodings = 0;
			knownRegions = (
				en,
				Base,
			);
			mainGroup = 13E8BA002A2EC4B3006822BE;
			productRefGroup = 13E8BA0A2A2EC4B3006822BE /* Products */;
			projectDirPath = "";
			projectRoot = "";
			targets = (
				13E8BA082A2EC4B3006822BE /* SquareTest */,
				13E8BA1E2A2EC4B6006822BE /* SquareTestTests */,
				13E8BA282A2EC4B6006822BE /* SquareTestUITests */,
			);
		};
/* End PBXProject section */

/* Begin PBXResourcesBuildPhase section */
		13E8BA072A2EC4B3006822BE /* Resources */ = {
			isa = PBXResourcesBuildPhase;
			buildActionMask = 2147483647;
			files = (
				13E8BA192A2EC4B6006822BE /* LaunchScreen.storyboard in Resources */,
				13E8BA162A2EC4B6006822BE /* Assets.xcassets in Resources */,
				13E8BA142A2EC4B3006822BE /* Main.storyboard in Resources */,
			);
			runOnlyForDeploymentPostprocessing = 0;
		};
		13E8BA1D2A2EC4B6006822BE /* Resources */ = {
			isa = PBXResourcesBuildPhase;
			buildActionMask = 2147483647;
			files = (
			);
			runOnlyForDeploymentPostprocessing = 0;
		};
		13E8BA272A2EC4B6006822BE /* Resources */ = {
			isa = PBXResourcesBuildPhase;
			buildActionMask = 2147483647;
			files = (
			);
			runOnlyForDeploymentPostprocessing = 0;
		};
/* End PBXResourcesBuildPhase section */

/* Begin PBXShellScriptBuildPhase section */
		332149D27899336E8EA59D4D /* [CP] Embed Pods Frameworks */ = {
			isa = PBXShellScriptBuildPhase;
			buildActionMask = 2147483647;
			files = (
			);
			inputFileListPaths = (
				"${PODS_ROOT}/Target Support Files/Pods-SquareTest/Pods-SquareTest-frameworks-${CONFIGURATION}-input-files.xcfilelist",
			);
			name = "[CP] Embed Pods Frameworks";
			outputFileListPaths = (
				"${PODS_ROOT}/Target Support Files/Pods-SquareTest/Pods-SquareTest-frameworks-${CONFIGURATION}-output-files.xcfilelist",
			);
			runOnlyForDeploymentPostprocessing = 0;
			shellPath = /bin/sh;
			shellScript = "\"${PODS_ROOT}/Target Support Files/Pods-SquareTest/Pods-SquareTest-frameworks.sh\"\n";
			showEnvVarsInLog = 0;
		};
		8B192DAE43DD641484FDC22B /* [CP] Check Pods Manifest.lock */ = {
			isa = PBXShellScriptBuildPhase;
			buildActionMask = 2147483647;
			files = (
			);
			inputFileListPaths = (
			);
			inputPaths = (
				"${PODS_PODFILE_DIR_PATH}/Podfile.lock",
				"${PODS_ROOT}/Manifest.lock",
			);
			name = "[CP] Check Pods Manifest.lock";
			outputFileListPaths = (
			);
			outputPaths = (
				"$(DERIVED_FILE_DIR)/Pods-SquareTest-checkManifestLockResult.txt",
			);
			runOnlyForDeploymentPostprocessing = 0;
			shellPath = /bin/sh;
			shellScript = "diff \"${PODS_PODFILE_DIR_PATH}/Podfile.lock\" \"${PODS_ROOT}/Manifest.lock\" > /dev/null\nif [ $? != 0 ] ; then\n    # print error to STDERR\n    echo \"error: The sandbox is not in sync with the Podfile.lock. Run 'pod install' or update your CocoaPods installation.\" >&2\n    exit 1\nfi\n# This output is used by Xcode 'outputs' to avoid re-running this script phase.\necho \"SUCCESS\" > \"${SCRIPT_OUTPUT_FILE_0}\"\n";
			showEnvVarsInLog = 0;
		};
		8E41275E04F417548D941D0B /* [CP] Check Pods Manifest.lock */ = {
			isa = PBXShellScriptBuildPhase;
			buildActionMask = 2147483647;
			files = (
			);
			inputFileListPaths = (
			);
			inputPaths = (
				"${PODS_PODFILE_DIR_PATH}/Podfile.lock",
				"${PODS_ROOT}/Manifest.lock",
			);
			name = "[CP] Check Pods Manifest.lock";
			outputFileListPaths = (
			);
			outputPaths = (
				"$(DERIVED_FILE_DIR)/Pods-SquareTestTests-checkManifestLockResult.txt",
			);
			runOnlyForDeploymentPostprocessing = 0;
			shellPath = /bin/sh;
			shellScript = "diff \"${PODS_PODFILE_DIR_PATH}/Podfile.lock\" \"${PODS_ROOT}/Manifest.lock\" > /dev/null\nif [ $? != 0 ] ; then\n    # print error to STDERR\n    echo \"error: The sandbox is not in sync with the Podfile.lock. Run 'pod install' or update your CocoaPods installation.\" >&2\n    exit 1\nfi\n# This output is used by Xcode 'outputs' to avoid re-running this script phase.\necho \"SUCCESS\" > \"${SCRIPT_OUTPUT_FILE_0}\"\n";
			showEnvVarsInLog = 0;
		};
		CC814D0AE956BBF6C3153856 /* [CP] Embed Pods Frameworks */ = {
			isa = PBXShellScriptBuildPhase;
			buildActionMask = 2147483647;
			files = (
			);
			inputFileListPaths = (
				"${PODS_ROOT}/Target Support Files/Pods-SquareTest-SquareTestUITests/Pods-SquareTest-SquareTestUITests-frameworks-${CONFIGURATION}-input-files.xcfilelist",
			);
			name = "[CP] Embed Pods Frameworks";
			outputFileListPaths = (
				"${PODS_ROOT}/Target Support Files/Pods-SquareTest-SquareTestUITests/Pods-SquareTest-SquareTestUITests-frameworks-${CONFIGURATION}-output-files.xcfilelist",
			);
			runOnlyForDeploymentPostprocessing = 0;
			shellPath = /bin/sh;
			shellScript = "\"${PODS_ROOT}/Target Support Files/Pods-SquareTest-SquareTestUITests/Pods-SquareTest-SquareTestUITests-frameworks.sh\"\n";
			showEnvVarsInLog = 0;
		};
		D59BAAA76025F29D736D6F20 /* [CP] Check Pods Manifest.lock */ = {
			isa = PBXShellScriptBuildPhase;
			buildActionMask = 2147483647;
			files = (
			);
			inputFileListPaths = (
			);
			inputPaths = (
				"${PODS_PODFILE_DIR_PATH}/Podfile.lock",
				"${PODS_ROOT}/Manifest.lock",
			);
			name = "[CP] Check Pods Manifest.lock";
			outputFileListPaths = (
			);
			outputPaths = (
				"$(DERIVED_FILE_DIR)/Pods-SquareTest-SquareTestUITests-checkManifestLockResult.txt",
			);
			runOnlyForDeploymentPostprocessing = 0;
			shellPath = /bin/sh;
			shellScript = "diff \"${PODS_PODFILE_DIR_PATH}/Podfile.lock\" \"${PODS_ROOT}/Manifest.lock\" > /dev/null\nif [ $? != 0 ] ; then\n    # print error to STDERR\n    echo \"error: The sandbox is not in sync with the Podfile.lock. Run 'pod install' or update your CocoaPods installation.\" >&2\n    exit 1\nfi\n# This output is used by Xcode 'outputs' to avoid re-running this script phase.\necho \"SUCCESS\" > \"${SCRIPT_OUTPUT_FILE_0}\"\n";
			showEnvVarsInLog = 0;
		};
/* End PBXShellScriptBuildPhase section */

/* Begin PBXSourcesBuildPhase section */
		13E8BA052A2EC4B3006822BE /* Sources */ = {
			isa = PBXSourcesBuildPhase;
			buildActionMask = 2147483647;
			files = (
				13E8BA112A2EC4B3006822BE /* ViewController.swift in Sources */,
				13E8BA0D2A2EC4B3006822BE /* AppDelegate.swift in Sources */,
				13E8BA422A2EC7FC006822BE /* InputService.swift in Sources */,
				13E8BA402A2EC50D006822BE /* Employees.swift in Sources */,
				13E8BA442A2ED440006822BE /* EmployeeCellTableViewCell.swift in Sources */,
				13E8BA0F2A2EC4B3006822BE /* SceneDelegate.swift in Sources */,
			);
			runOnlyForDeploymentPostprocessing = 0;
		};
		13E8BA1B2A2EC4B6006822BE /* Sources */ = {
			isa = PBXSourcesBuildPhase;
			buildActionMask = 2147483647;
			files = (
				13E8BA4B2A364866006822BE /* ViewControllerTests.swift in Sources */,
				13E8BA4D2A36506E006822BE /* InputServiceTests.swift in Sources */,
				13E8BA492A364424006822BE /* EmployeesTest.swift in Sources */,
			);
			runOnlyForDeploymentPostprocessing = 0;
		};
		13E8BA252A2EC4B6006822BE /* Sources */ = {
			isa = PBXSourcesBuildPhase;
			buildActionMask = 2147483647;
			files = (
				13E8BA2E2A2EC4B6006822BE /* SquareTestUITests.swift in Sources */,
				13E8BA302A2EC4B6006822BE /* SquareTestUITestsLaunchTests.swift in Sources */,
			);
			runOnlyForDeploymentPostprocessing = 0;
		};
/* End PBXSourcesBuildPhase section */

/* Begin PBXTargetDependency section */
		13E8BA212A2EC4B6006822BE /* PBXTargetDependency */ = {
			isa = PBXTargetDependency;
			target = 13E8BA082A2EC4B3006822BE /* SquareTest */;
			targetProxy = 13E8BA202A2EC4B6006822BE /* PBXContainerItemProxy */;
		};
		13E8BA2B2A2EC4B6006822BE /* PBXTargetDependency */ = {
			isa = PBXTargetDependency;
			target = 13E8BA082A2EC4B3006822BE /* SquareTest */;
			targetProxy = 13E8BA2A2A2EC4B6006822BE /* PBXContainerItemProxy */;
		};
/* End PBXTargetDependency section */

/* Begin PBXVariantGroup section */
		13E8BA122A2EC4B3006822BE /* Main.storyboard */ = {
			isa = PBXVariantGroup;
			children = (
				13E8BA132A2EC4B3006822BE /* Base */,
			);
			name = Main.storyboard;
			sourceTree = "<group>";
		};
		13E8BA172A2EC4B6006822BE /* LaunchScreen.storyboard */ = {
			isa = PBXVariantGroup;
			children = (
				13E8BA182A2EC4B6006822BE /* Base */,
			);
			name = LaunchScreen.storyboard;
			sourceTree = "<group>";
		};
/* End PBXVariantGroup section */

/* Begin XCBuildConfiguration section */
		13E8BA312A2EC4B6006822BE /* Debug */ = {
			isa = XCBuildConfiguration;
			buildSettings = {
				ALWAYS_SEARCH_USER_PATHS = NO;
				CLANG_ANALYZER_NONNULL = YES;
				CLANG_ANALYZER_NUMBER_OBJECT_CONVERSION = YES_AGGRESSIVE;
				CLANG_CXX_LANGUAGE_STANDARD = "gnu++17";
				CLANG_CXX_LIBRARY = "libc++";
				CLANG_ENABLE_MODULES = YES;
				CLANG_ENABLE_OBJC_ARC = YES;
				CLANG_ENABLE_OBJC_WEAK = YES;
				CLANG_WARN_BLOCK_CAPTURE_AUTORELEASING = YES;
				CLANG_WARN_BOOL_CONVERSION = YES;
				CLANG_WARN_COMMA = YES;
				CLANG_WARN_CONSTANT_CONVERSION = YES;
				CLANG_WARN_DEPRECATED_OBJC_IMPLEMENTATIONS = YES;
				CLANG_WARN_DIRECT_OBJC_ISA_USAGE = YES_ERROR;
				CLANG_WARN_DOCUMENTATION_COMMENTS = YES;
				CLANG_WARN_EMPTY_BODY = YES;
				CLANG_WARN_ENUM_CONVERSION = YES;
				CLANG_WARN_INFINITE_RECURSION = YES;
				CLANG_WARN_INT_CONVERSION = YES;
				CLANG_WARN_NON_LITERAL_NULL_CONVERSION = YES;
				CLANG_WARN_OBJC_IMPLICIT_RETAIN_SELF = YES;
				CLANG_WARN_OBJC_LITERAL_CONVERSION = YES;
				CLANG_WARN_OBJC_ROOT_CLASS = YES_ERROR;
				CLANG_WARN_QUOTED_INCLUDE_IN_FRAMEWORK_HEADER = YES;
				CLANG_WARN_RANGE_LOOP_ANALYSIS = YES;
				CLANG_WARN_STRICT_PROTOTYPES = YES;
				CLANG_WARN_SUSPICIOUS_MOVE = YES;
				CLANG_WARN_UNGUARDED_AVAILABILITY = YES_AGGRESSIVE;
				CLANG_WARN_UNREACHABLE_CODE = YES;
				CLANG_WARN__DUPLICATE_METHOD_MATCH = YES;
				COPY_PHASE_STRIP = NO;
				DEBUG_INFORMATION_FORMAT = dwarf;
				ENABLE_STRICT_OBJC_MSGSEND = YES;
				ENABLE_TESTABILITY = YES;
				GCC_C_LANGUAGE_STANDARD = gnu11;
				GCC_DYNAMIC_NO_PIC = NO;
				GCC_NO_COMMON_BLOCKS = YES;
				GCC_OPTIMIZATION_LEVEL = 0;
				GCC_PREPROCESSOR_DEFINITIONS = (
					"DEBUG=1",
					"$(inherited)",
				);
				GCC_WARN_64_TO_32_BIT_CONVERSION = YES;
				GCC_WARN_ABOUT_RETURN_TYPE = YES_ERROR;
				GCC_WARN_UNDECLARED_SELECTOR = YES;
				GCC_WARN_UNINITIALIZED_AUTOS = YES_AGGRESSIVE;
				GCC_WARN_UNUSED_FUNCTION = YES;
				GCC_WARN_UNUSED_VARIABLE = YES;
				IPHONEOS_DEPLOYMENT_TARGET = 15.2;
				MTL_ENABLE_DEBUG_INFO = INCLUDE_SOURCE;
				MTL_FAST_MATH = YES;
				ONLY_ACTIVE_ARCH = YES;
				SDKROOT = iphoneos;
				SWIFT_ACTIVE_COMPILATION_CONDITIONS = DEBUG;
				SWIFT_OPTIMIZATION_LEVEL = "-Onone";
			};
			name = Debug;
		};
		13E8BA322A2EC4B6006822BE /* Release */ = {
			isa = XCBuildConfiguration;
			buildSettings = {
				ALWAYS_SEARCH_USER_PATHS = NO;
				CLANG_ANALYZER_NONNULL = YES;
				CLANG_ANALYZER_NUMBER_OBJECT_CONVERSION = YES_AGGRESSIVE;
				CLANG_CXX_LANGUAGE_STANDARD = "gnu++17";
				CLANG_CXX_LIBRARY = "libc++";
				CLANG_ENABLE_MODULES = YES;
				CLANG_ENABLE_OBJC_ARC = YES;
				CLANG_ENABLE_OBJC_WEAK = YES;
				CLANG_WARN_BLOCK_CAPTURE_AUTORELEASING = YES;
				CLANG_WARN_BOOL_CONVERSION = YES;
				CLANG_WARN_COMMA = YES;
				CLANG_WARN_CONSTANT_CONVERSION = YES;
				CLANG_WARN_DEPRECATED_OBJC_IMPLEMENTATIONS = YES;
				CLANG_WARN_DIRECT_OBJC_ISA_USAGE = YES_ERROR;
				CLANG_WARN_DOCUMENTATION_COMMENTS = YES;
				CLANG_WARN_EMPTY_BODY = YES;
				CLANG_WARN_ENUM_CONVERSION = YES;
				CLANG_WARN_INFINITE_RECURSION = YES;
				CLANG_WARN_INT_CONVERSION = YES;
				CLANG_WARN_NON_LITERAL_NULL_CONVERSION = YES;
				CLANG_WARN_OBJC_IMPLICIT_RETAIN_SELF = YES;
				CLANG_WARN_OBJC_LITERAL_CONVERSION = YES;
				CLANG_WARN_OBJC_ROOT_CLASS = YES_ERROR;
				CLANG_WARN_QUOTED_INCLUDE_IN_FRAMEWORK_HEADER = YES;
				CLANG_WARN_RANGE_LOOP_ANALYSIS = YES;
				CLANG_WARN_STRICT_PROTOTYPES = YES;
				CLANG_WARN_SUSPICIOUS_MOVE = YES;
				CLANG_WARN_UNGUARDED_AVAILABILITY = YES_AGGRESSIVE;
				CLANG_WARN_UNREACHABLE_CODE = YES;
				CLANG_WARN__DUPLICATE_METHOD_MATCH = YES;
				COPY_PHASE_STRIP = NO;
				DEBUG_INFORMATION_FORMAT = "dwarf-with-dsym";
				ENABLE_NS_ASSERTIONS = NO;
				ENABLE_STRICT_OBJC_MSGSEND = YES;
				GCC_C_LANGUAGE_STANDARD = gnu11;
				GCC_NO_COMMON_BLOCKS = YES;
				GCC_WARN_64_TO_32_BIT_CONVERSION = YES;
				GCC_WARN_ABOUT_RETURN_TYPE = YES_ERROR;
				GCC_WARN_UNDECLARED_SELECTOR = YES;
				GCC_WARN_UNINITIALIZED_AUTOS = YES_AGGRESSIVE;
				GCC_WARN_UNUSED_FUNCTION = YES;
				GCC_WARN_UNUSED_VARIABLE = YES;
				IPHONEOS_DEPLOYMENT_TARGET = 15.2;
				MTL_ENABLE_DEBUG_INFO = NO;
				MTL_FAST_MATH = YES;
				SDKROOT = iphoneos;
				SWIFT_COMPILATION_MODE = wholemodule;
				SWIFT_OPTIMIZATION_LEVEL = "-O";
				VALIDATE_PRODUCT = YES;
			};
			name = Release;
		};
		13E8BA342A2EC4B6006822BE /* Debug */ = {
			isa = XCBuildConfiguration;
			baseConfigurationReference = B850D7DB126126F7F803BD47 /* Pods-SquareTest.debug.xcconfig */;
			buildSettings = {
				ASSETCATALOG_COMPILER_APPICON_NAME = AppIcon;
				ASSETCATALOG_COMPILER_GLOBAL_ACCENT_COLOR_NAME = AccentColor;
				CODE_SIGN_STYLE = Automatic;
				CURRENT_PROJECT_VERSION = 1;
				GENERATE_INFOPLIST_FILE = YES;
				INFOPLIST_FILE = SquareTest/Info.plist;
				INFOPLIST_KEY_UIApplicationSupportsIndirectInputEvents = YES;
				INFOPLIST_KEY_UILaunchStoryboardName = LaunchScreen;
				INFOPLIST_KEY_UIMainStoryboardFile = Main;
				INFOPLIST_KEY_UISupportedInterfaceOrientations_iPad = "UIInterfaceOrientationPortrait UIInterfaceOrientationPortraitUpsideDown UIInterfaceOrientationLandscapeLeft UIInterfaceOrientationLandscapeRight";
				INFOPLIST_KEY_UISupportedInterfaceOrientations_iPhone = "UIInterfaceOrientationPortrait UIInterfaceOrientationLandscapeLeft UIInterfaceOrientationLandscapeRight";
				LD_RUNPATH_SEARCH_PATHS = (
					"$(inherited)",
					"@executable_path/Frameworks",
				);
				MARKETING_VERSION = 1.0;
				PRODUCT_BUNDLE_IDENTIFIER = com.srivalli.SquareTest;
				PRODUCT_NAME = "$(TARGET_NAME)";
				SWIFT_EMIT_LOC_STRINGS = YES;
				SWIFT_VERSION = 5.0;
				TARGETED_DEVICE_FAMILY = "1,2";
			};
			name = Debug;
		};
		13E8BA352A2EC4B6006822BE /* Release */ = {
			isa = XCBuildConfiguration;
			baseConfigurationReference = 7F35875400E5B762B6756412 /* Pods-SquareTest.release.xcconfig */;
			buildSettings = {
				ASSETCATALOG_COMPILER_APPICON_NAME = AppIcon;
				ASSETCATALOG_COMPILER_GLOBAL_ACCENT_COLOR_NAME = AccentColor;
				CODE_SIGN_STYLE = Automatic;
				CURRENT_PROJECT_VERSION = 1;
				GENERATE_INFOPLIST_FILE = YES;
				INFOPLIST_FILE = SquareTest/Info.plist;
				INFOPLIST_KEY_UIApplicationSupportsIndirectInputEvents = YES;
				INFOPLIST_KEY_UILaunchStoryboardName = LaunchScreen;
				INFOPLIST_KEY_UIMainStoryboardFile = Main;
				INFOPLIST_KEY_UISupportedInterfaceOrientations_iPad = "UIInterfaceOrientationPortrait UIInterfaceOrientationPortraitUpsideDown UIInterfaceOrientationLandscapeLeft UIInterfaceOrientationLandscapeRight";
				INFOPLIST_KEY_UISupportedInterfaceOrientations_iPhone = "UIInterfaceOrientationPortrait UIInterfaceOrientationLandscapeLeft UIInterfaceOrientationLandscapeRight";
				LD_RUNPATH_SEARCH_PATHS = (
					"$(inherited)",
					"@executable_path/Frameworks",
				);
				MARKETING_VERSION = 1.0;
				PRODUCT_BUNDLE_IDENTIFIER = com.srivalli.SquareTest;
				PRODUCT_NAME = "$(TARGET_NAME)";
				SWIFT_EMIT_LOC_STRINGS = YES;
				SWIFT_VERSION = 5.0;
				TARGETED_DEVICE_FAMILY = "1,2";
			};
			name = Release;
		};
		13E8BA372A2EC4B6006822BE /* Debug */ = {
			isa = XCBuildConfiguration;
			baseConfigurationReference = 556236BA10905461E8EE3286 /* Pods-SquareTestTests.debug.xcconfig */;
			buildSettings = {
				ALWAYS_EMBED_SWIFT_STANDARD_LIBRARIES = YES;
				BUNDLE_LOADER = "$(TEST_HOST)";
				CODE_SIGN_STYLE = Automatic;
				CURRENT_PROJECT_VERSION = 1;
				GENERATE_INFOPLIST_FILE = YES;
				IPHONEOS_DEPLOYMENT_TARGET = 15.2;
				MARKETING_VERSION = 1.0;
				PRODUCT_BUNDLE_IDENTIFIER = com.srivalli.SquareTestTests;
				PRODUCT_NAME = "$(TARGET_NAME)";
				SWIFT_EMIT_LOC_STRINGS = NO;
				SWIFT_VERSION = 5.0;
				TARGETED_DEVICE_FAMILY = "1,2";
				TEST_HOST = "$(BUILT_PRODUCTS_DIR)/SquareTest.app/SquareTest";
			};
			name = Debug;
		};
		13E8BA382A2EC4B6006822BE /* Release */ = {
			isa = XCBuildConfiguration;
			baseConfigurationReference = 6078CD566BD5E812B78AE476 /* Pods-SquareTestTests.release.xcconfig */;
			buildSettings = {
				ALWAYS_EMBED_SWIFT_STANDARD_LIBRARIES = YES;
				BUNDLE_LOADER = "$(TEST_HOST)";
				CODE_SIGN_STYLE = Automatic;
				CURRENT_PROJECT_VERSION = 1;
				GENERATE_INFOPLIST_FILE = YES;
				IPHONEOS_DEPLOYMENT_TARGET = 15.2;
				MARKETING_VERSION = 1.0;
				PRODUCT_BUNDLE_IDENTIFIER = com.srivalli.SquareTestTests;
				PRODUCT_NAME = "$(TARGET_NAME)";
				SWIFT_EMIT_LOC_STRINGS = NO;
				SWIFT_VERSION = 5.0;
				TARGETED_DEVICE_FAMILY = "1,2";
				TEST_HOST = "$(BUILT_PRODUCTS_DIR)/SquareTest.app/SquareTest";
			};
			name = Release;
		};
		13E8BA3A2A2EC4B6006822BE /* Debug */ = {
			isa = XCBuildConfiguration;
			baseConfigurationReference = 1E75E4230B398520FDF5E620 /* Pods-SquareTest-SquareTestUITests.debug.xcconfig */;
			buildSettings = {
				ALWAYS_EMBED_SWIFT_STANDARD_LIBRARIES = YES;
				CODE_SIGN_STYLE = Automatic;
				CURRENT_PROJECT_VERSION = 1;
				GENERATE_INFOPLIST_FILE = YES;
				MARKETING_VERSION = 1.0;
				PRODUCT_BUNDLE_IDENTIFIER = com.srivalli.SquareTestUITests;
				PRODUCT_NAME = "$(TARGET_NAME)";
				SWIFT_EMIT_LOC_STRINGS = NO;
				SWIFT_VERSION = 5.0;
				TARGETED_DEVICE_FAMILY = "1,2";
				TEST_TARGET_NAME = SquareTest;
			};
			name = Debug;
		};
		13E8BA3B2A2EC4B6006822BE /* Release */ = {
			isa = XCBuildConfiguration;
			baseConfigurationReference = 5D81CFB246B9536410E0A0B4 /* Pods-SquareTest-SquareTestUITests.release.xcconfig */;
			buildSettings = {
				ALWAYS_EMBED_SWIFT_STANDARD_LIBRARIES = YES;
				CODE_SIGN_STYLE = Automatic;
				CURRENT_PROJECT_VERSION = 1;
				GENERATE_INFOPLIST_FILE = YES;
				MARKETING_VERSION = 1.0;
				PRODUCT_BUNDLE_IDENTIFIER = com.srivalli.SquareTestUITests;
				PRODUCT_NAME = "$(TARGET_NAME)";
				SWIFT_EMIT_LOC_STRINGS = NO;
				SWIFT_VERSION = 5.0;
				TARGETED_DEVICE_FAMILY = "1,2";
				TEST_TARGET_NAME = SquareTest;
			};
			name = Release;
		};
/* End XCBuildConfiguration section */

/* Begin XCConfigurationList section */
		13E8BA042A2EC4B3006822BE /* Build configuration list for PBXProject "SquareTest" */ = {
			isa = XCConfigurationList;
			buildConfigurations = (
				13E8BA312A2EC4B6006822BE /* Debug */,
				13E8BA322A2EC4B6006822BE /* Release */,
			);
			defaultConfigurationIsVisible = 0;
			defaultConfigurationName = Release;
		};
		13E8BA332A2EC4B6006822BE /* Build configuration list for PBXNativeTarget "SquareTest" */ = {
			isa = XCConfigurationList;
			buildConfigurations = (
				13E8BA342A2EC4B6006822BE /* Debug */,
				13E8BA352A2EC4B6006822BE /* Release */,
			);
			defaultConfigurationIsVisible = 0;
			defaultConfigurationName = Release;
		};
		13E8BA362A2EC4B6006822BE /* Build configuration list for PBXNativeTarget "SquareTestTests" */ = {
			isa = XCConfigurationList;
			buildConfigurations = (
				13E8BA372A2EC4B6006822BE /* Debug */,
				13E8BA382A2EC4B6006822BE /* Release */,
			);
			defaultConfigurationIsVisible = 0;
			defaultConfigurationName = Release;
		};
		13E8BA392A2EC4B6006822BE /* Build configuration list for PBXNativeTarget "SquareTestUITests" */ = {
			isa = XCConfigurationList;
			buildConfigurations = (
				13E8BA3A2A2EC4B6006822BE /* Debug */,
				13E8BA3B2A2EC4B6006822BE /* Release */,
			);
			defaultConfigurationIsVisible = 0;
			defaultConfigurationName = Release;
		};
/* End XCConfigurationList section */
	};
	rootObject = 13E8BA012A2EC4B3006822BE /* Project object */;
}
